
Microsoft Visual Studio Solution File, Format Version 12.00
# Visual Studio Version 17
VisualStudioVersion = 17.5.33502.453
MinimumVisualStudioVersion = 10.0.40219.1
Project("{2150E333-8FDC-42A3-9474-1A3956D46DE8}") = "Api", "Api", "{77EFD487-7E0D-4C14-88CC-40652035D9CD}"
EndProject
Project("{2150E333-8FDC-42A3-9474-1A3956D46DE8}") = "Services", "Services", "{200669F9-602A-4F42-8CDE-68F0519B12BF}"
EndProject
Project("{2150E333-8FDC-42A3-9474-1A3956D46DE8}") = "Shared", "Shared", "{5E993980-0E95-485A-8BF7-8118061801F0}"
EndProject
Project("{FAE04EC0-301F-11D3-BF4B-00C04F79EFBC}") = "Distribt.Services.Products", "Distribt.Services.Products\Distribt.Services.Products.csproj", "{B6611B63-EE99-4377-B8C1-AEBC21178AFB}"
EndProject
Project("{2150E333-8FDC-42A3-9474-1A3956D46DE8}") = "Private", "Private", "{42483C02-3BB8-4F62-AF77-D3E1A8563D6C}"
EndProject
Project("{2150E333-8FDC-42A3-9474-1A3956D46DE8}") = "Public", "Public", "{01DDD33B-5A79-471D-9DFE-D751AA572FAF}"
EndProject
Project("{FAE04EC0-301F-11D3-BF4B-00C04F79EFBC}") = "Distribt.Shared.Setup", "Distribt.Shared.Setup\Distribt.Shared.Setup.csproj", "{676E7124-105D-4EA8-89B1-D3CA733DB087}"
EndProject
Project("{FAE04EC0-301F-11D3-BF4B-00C04F79EFBC}") = "Distribt.Shared.Api", "Distribt.Shared.Api\Distribt.Shared.Api.csproj", "{F9975446-ADEC-44B7-A62C-7266ADE4FBF6}"
EndProject
Project("{FAE04EC0-301F-11D3-BF4B-00C04F79EFBC}") = "Distribt.API.Private", "Distribt.API.Private\Distribt.API.Private.csproj", "{5E67C4F8-4DC4-4D37-8490-4F60098E4E82}"
EndProject
Project("{FAE04EC0-301F-11D3-BF4B-00C04F79EFBC}") = "Distribt.API.Public", "Distribt.API.Public\Distribt.API.Public.csproj", "{41A131CD-CBE9-4E9F-A848-1D49D468C57A}"
EndProject
Project("{2150E333-8FDC-42A3-9474-1A3956D46DE8}") = "Email", "Email", "{4B7AC14D-5D32-4BFD-8803-869DD3F5742A}"
EndProject
Project("{2150E333-8FDC-42A3-9474-1A3956D46DE8}") = "Orders", "Orders", "{97F6C67F-2339-4FAA-BC35-DDFBC82F5F06}"
EndProject
Project("{2150E333-8FDC-42A3-9474-1A3956D46DE8}") = "Products", "Products", "{FEC8C35D-0B91-40E1-BE47-CB020C7B142E}"
EndProject
Project("{2150E333-8FDC-42A3-9474-1A3956D46DE8}") = "Subscriptions", "Subscriptions", "{EAF68D42-ECD7-47A9-B9B4-95B05F06DE55}"
EndProject
Project("{FAE04EC0-301F-11D3-BF4B-00C04F79EFBC}") = "Distribt.Services.Emails", "Distribt.Services.Emails\Distribt.Services.Emails.csproj", "{278FCD1A-5ED1-4AA2-8FA8-1AC1B1C624B7}"
EndProject
Project("{FAE04EC0-301F-11D3-BF4B-00C04F79EFBC}") = "Distribt.Services.Orders", "Distribt.Services.Orders\Distribt.Services.Orders.csproj", "{5965E992-64C5-4690-8FF3-F1A391FD3C96}"
EndProject
Project("{FAE04EC0-301F-11D3-BF4B-00C04F79EFBC}") = "Distribt.Services.Subscriptions", "Distribt.Services.Subscriptions\Distribt.Services.Subscriptions.csproj", "{593666B8-CCDF-4945-BD7A-45BF802DF0F9}"
EndProject
Global
	GlobalSection(SolutionConfigurationPlatforms) = preSolution
		Debug|Any CPU = Debug|Any CPU
		Release|Any CPU = Release|Any CPU
	EndGlobalSection
	GlobalSection(ProjectConfigurationPlatforms) = postSolution
		{B6611B63-EE99-4377-B8C1-AEBC21178AFB}.Debug|Any CPU.ActiveCfg = Debug|Any CPU
		{B6611B63-EE99-4377-B8C1-AEBC21178AFB}.Debug|Any CPU.Build.0 = Debug|Any CPU
		{B6611B63-EE99-4377-B8C1-AEBC21178AFB}.Release|Any CPU.ActiveCfg = Release|Any CPU
		{B6611B63-EE99-4377-B8C1-AEBC21178AFB}.Release|Any CPU.Build.0 = Release|Any CPU
		{676E7124-105D-4EA8-89B1-D3CA733DB087}.Debug|Any CPU.ActiveCfg = Debug|Any CPU
		{676E7124-105D-4EA8-89B1-D3CA733DB087}.Debug|Any CPU.Build.0 = Debug|Any CPU
		{676E7124-105D-4EA8-89B1-D3CA733DB087}.Release|Any CPU.ActiveCfg = Release|Any CPU
		{676E7124-105D-4EA8-89B1-D3CA733DB087}.Release|Any CPU.Build.0 = Release|Any CPU
		{F9975446-ADEC-44B7-A62C-7266ADE4FBF6}.Debug|Any CPU.ActiveCfg = Debug|Any CPU
		{F9975446-ADEC-44B7-A62C-7266ADE4FBF6}.Debug|Any CPU.Build.0 = Debug|Any CPU
		{F9975446-ADEC-44B7-A62C-7266ADE4FBF6}.Release|Any CPU.ActiveCfg = Release|Any CPU
		{F9975446-ADEC-44B7-A62C-7266ADE4FBF6}.Release|Any CPU.Build.0 = Release|Any CPU
		{5E67C4F8-4DC4-4D37-8490-4F60098E4E82}.Debug|Any CPU.ActiveCfg = Debug|Any CPU
		{5E67C4F8-4DC4-4D37-8490-4F60098E4E82}.Debug|Any CPU.Build.0 = Debug|Any CPU
		{5E67C4F8-4DC4-4D37-8490-4F60098E4E82}.Release|Any CPU.ActiveCfg = Release|Any CPU
		{5E67C4F8-4DC4-4D37-8490-4F60098E4E82}.Release|Any CPU.Build.0 = Release|Any CPU
		{41A131CD-CBE9-4E9F-A848-1D49D468C57A}.Debug|Any CPU.ActiveCfg = Debug|Any CPU
		{41A131CD-CBE9-4E9F-A848-1D49D468C57A}.Debug|Any CPU.Build.0 = Debug|Any CPU
		{41A131CD-CBE9-4E9F-A848-1D49D468C57A}.Release|Any CPU.ActiveCfg = Release|Any CPU
		{41A131CD-CBE9-4E9F-A848-1D49D468C57A}.Release|Any CPU.Build.0 = Release|Any CPU
		{278FCD1A-5ED1-4AA2-8FA8-1AC1B1C624B7}.Debug|Any CPU.ActiveCfg = Debug|Any CPU
		{278FCD1A-5ED1-4AA2-8FA8-1AC1B1C624B7}.Debug|Any CPU.Build.0 = Debug|Any CPU
		{278FCD1A-5ED1-4AA2-8FA8-1AC1B1C624B7}.Release|Any CPU.ActiveCfg = Release|Any CPU
		{278FCD1A-5ED1-4AA2-8FA8-1AC1B1C624B7}.Release|Any CPU.Build.0 = Release|Any CPU
		{5965E992-64C5-4690-8FF3-F1A391FD3C96}.Debug|Any CPU.ActiveCfg = Debug|Any CPU
		{5965E992-64C5-4690-8FF3-F1A391FD3C96}.Debug|Any CPU.Build.0 = Debug|Any CPU
		{5965E992-64C5-4690-8FF3-F1A391FD3C96}.Release|Any CPU.ActiveCfg = Release|Any CPU
		{5965E992-64C5-4690-8FF3-F1A391FD3C96}.Release|Any CPU.Build.0 = Release|Any CPU
		{593666B8-CCDF-4945-BD7A-45BF802DF0F9}.Debug|Any CPU.ActiveCfg = Debug|Any CPU
		{593666B8-CCDF-4945-BD7A-45BF802DF0F9}.Debug|Any CPU.Build.0 = Debug|Any CPU
		{593666B8-CCDF-4945-BD7A-45BF802DF0F9}.Release|Any CPU.ActiveCfg = Release|Any CPU
		{593666B8-CCDF-4945-BD7A-45BF802DF0F9}.Release|Any CPU.Build.0 = Release|Any CPU
	EndGlobalSection
	GlobalSection(SolutionProperties) = preSolution
		HideSolutionNode = FALSE
	EndGlobalSection
	GlobalSection(NestedProjects) = preSolution
		{42483C02-3BB8-4F62-AF77-D3E1A8563D6C} = {77EFD487-7E0D-4C14-88CC-40652035D9CD}
		{01DDD33B-5A79-471D-9DFE-D751AA572FAF} = {77EFD487-7E0D-4C14-88CC-40652035D9CD}
		{676E7124-105D-4EA8-89B1-D3CA733DB087} = {5E993980-0E95-485A-8BF7-8118061801F0}
		{F9975446-ADEC-44B7-A62C-7266ADE4FBF6} = {5E993980-0E95-485A-8BF7-8118061801F0}
		{5E67C4F8-4DC4-4D37-8490-4F60098E4E82} = {42483C02-3BB8-4F62-AF77-D3E1A8563D6C}
		{41A131CD-CBE9-4E9F-A848-1D49D468C57A} = {01DDD33B-5A79-471D-9DFE-D751AA572FAF}
		{4B7AC14D-5D32-4BFD-8803-869DD3F5742A} = {200669F9-602A-4F42-8CDE-68F0519B12BF}
		{97F6C67F-2339-4FAA-BC35-DDFBC82F5F06} = {200669F9-602A-4F42-8CDE-68F0519B12BF}
		{FEC8C35D-0B91-40E1-BE47-CB020C7B142E} = {200669F9-602A-4F42-8CDE-68F0519B12BF}
		{EAF68D42-ECD7-47A9-B9B4-95B05F06DE55} = {200669F9-602A-4F42-8CDE-68F0519B12BF}
		{278FCD1A-5ED1-4AA2-8FA8-1AC1B1C624B7} = {4B7AC14D-5D32-4BFD-8803-869DD3F5742A}
		{5965E992-64C5-4690-8FF3-F1A391FD3C96} = {97F6C67F-2339-4FAA-BC35-DDFBC82F5F06}
		{593666B8-CCDF-4945-BD7A-45BF802DF0F9} = {EAF68D42-ECD7-47A9-B9B4-95B05F06DE55}
	EndGlobalSection
	GlobalSection(ExtensibilityGlobals) = postSolution
		SolutionGuid = {867635CE-F7F7-4BC5-9F9D-707EBD3E762B}
	EndGlobalSection
EndGlobal
